
Microsoft Visual Studio Solution File, Format Version 12.00
# Visual Studio Version 17
VisualStudioVersion = 17.13.35818.85 d17.13
MinimumVisualStudioVersion = 10.0.40219.1
Project("{FAE04EC0-301F-11D3-BF4B-00C04F79EFBC}") = "entra-id-group-protected-api", "entra-id-group-protected-api\entra-id-group-protected-api.csproj", "{BCC75A36-6B0F-4630-ABC3-CEB56271FA39}"
EndProject
Global
	GlobalSection(SolutionConfigurationPlatforms) = preSolution
		Debug|Any CPU = Debug|Any CPU
		Release|Any CPU = Release|Any CPU
	EndGlobalSection
	GlobalSection(ProjectConfigurationPlatforms) = postSolution
		{BCC75A36-6B0F-4630-ABC3-CEB56271FA39}.Debug|Any CPU.ActiveCfg = Debug|Any CPU
		{BCC75A36-6B0F-4630-ABC3-CEB56271FA39}.Debug|Any CPU.Build.0 = Debug|Any CPU
		{BCC75A36-6B0F-4630-ABC3-CEB56271FA39}.Release|Any CPU.ActiveCfg = Release|Any CPU
		{BCC75A36-6B0F-4630-ABC3-CEB56271FA39}.Release|Any CPU.Build.0 = Release|Any CPU
	EndGlobalSection
	GlobalSection(SolutionProperties) = preSolution
		HideSolutionNode = FALSE
	EndGlobalSection
	GlobalSection(ExtensibilityGlobals) = postSolution
		SolutionGuid = {25E81D53-524E-40E8-8658-7B0B6259A56C}
	EndGlobalSection
EndGlobal
